
Microsoft Visual Studio Solution File, Format Version 12.00
# Visual Studio Version 16
VisualStudioVersion = 16.0.30523.141
MinimumVisualStudioVersion = 10.0.40219.1
Project("{FAE04EC0-301F-11D3-BF4B-00C04F79EFBC}") = "Nombre d'Or", "Nombre d'Or.csproj", "{0F580044-BAC8-47D6-9D5F-4C0128395B26}"
EndProject
Global
	GlobalSection(SolutionConfigurationPlatforms) = preSolution
		Debug|Any CPU = Debug|Any CPU
		Release|Any CPU = Release|Any CPU
	EndGlobalSection
	GlobalSection(ProjectConfigurationPlatforms) = postSolution
		{0F580044-BAC8-47D6-9D5F-4C0128395B26}.Debug|Any CPU.ActiveCfg = Debug|Any CPU
		{0F580044-BAC8-47D6-9D5F-4C0128395B26}.Debug|Any CPU.Build.0 = Debug|Any CPU
		{0F580044-BAC8-47D6-9D5F-4C0128395B26}.Release|Any CPU.ActiveCfg = Release|Any CPU
		{0F580044-BAC8-47D6-9D5F-4C0128395B26}.Release|Any CPU.Build.0 = Release|Any CPU
	EndGlobalSection
	GlobalSection(SolutionProperties) = preSolution
		HideSolutionNode = FALSE
	EndGlobalSection
	GlobalSection(ExtensibilityGlobals) = postSolution
		SolutionGuid = {2AFDF29E-218B-4839-86D8-A037D24E926C}
	EndGlobalSection
EndGlobal
